
Microsoft Visual Studio Solution File, Format Version 12.00
# Visual Studio 15
VisualStudioVersion = 15.0.27703.2035
MinimumVisualStudioVersion = 10.0.40219.1
Project("{FAE04EC0-301F-11D3-BF4B-00C04F79EFBC}") = "AppPos", "AppPos\AppPos.csproj", "{35F84301-6F48-4557-9A96-B8993AF40F20}"
EndProject
Global
	GlobalSection(SolutionConfigurationPlatforms) = preSolution
		Debug|Any CPU = Debug|Any CPU
		Release|Any CPU = Release|Any CPU
	EndGlobalSection
	GlobalSection(ProjectConfigurationPlatforms) = postSolution
		{35F84301-6F48-4557-9A96-B8993AF40F20}.Debug|Any CPU.ActiveCfg = Debug|Any CPU
		{35F84301-6F48-4557-9A96-B8993AF40F20}.Debug|Any CPU.Build.0 = Debug|Any CPU
		{35F84301-6F48-4557-9A96-B8993AF40F20}.Release|Any CPU.ActiveCfg = Release|Any CPU
		{35F84301-6F48-4557-9A96-B8993AF40F20}.Release|Any CPU.Build.0 = Release|Any CPU
	EndGlobalSection
	GlobalSection(SolutionProperties) = preSolution
		HideSolutionNode = FALSE
	EndGlobalSection
	GlobalSection(ExtensibilityGlobals) = postSolution
		SolutionGuid = {897D38D3-3566-42BC-B113-DA3632B04F1A}
	EndGlobalSection
EndGlobal
